// !$*UTF8*$!
{
	archiveVersion = 1;
	classes = {
	};
	objectVersion = 46;
	objects = {

/* Begin PBXBuildFile section */
		1AA2AAA21CE66D430067DBDE /* pokemon.csv in Resources */ = {isa = PBXBuildFile; fileRef = 1AA2AAA11CE66D430067DBDE /* pokemon.csv */; };
		1AA2AAA51CE68BE40067DBDE /* Pokeman.swift in Sources */ = {isa = PBXBuildFile; fileRef = 1AA2AAA41CE68BE40067DBDE /* Pokeman.swift */; };
		1AA2AAA71CE68EAB0067DBDE /* music.mp3 in Resources */ = {isa = PBXBuildFile; fileRef = 1AA2AAA61CE68EAB0067DBDE /* music.mp3 */; };
		1AA2AAAC1CE694F40067DBDE /* PokeCell.swift in Sources */ = {isa = PBXBuildFile; fileRef = 1AA2AAAB1CE694F40067DBDE /* PokeCell.swift */; };
		1AA2AAAE1CE6AD950067DBDE /* csv.swift in Sources */ = {isa = PBXBuildFile; fileRef = 1AA2AAAD1CE6AD950067DBDE /* csv.swift */; };
		1AC590571CE8ED4C0083ABB3 /* Constaints.swift in Sources */ = {isa = PBXBuildFile; fileRef = 1AC590561CE8ED4C0083ABB3 /* Constaints.swift */; };
		1AC9CEF01CE6411D0034E423 /* AppDelegate.swift in Sources */ = {isa = PBXBuildFile; fileRef = 1AC9CEEF1CE6411D0034E423 /* AppDelegate.swift */; };
		1AC9CEF21CE6411D0034E423 /* ViewController.swift in Sources */ = {isa = PBXBuildFile; fileRef = 1AC9CEF11CE6411D0034E423 /* ViewController.swift */; };
		1AC9CEF51CE6411D0034E423 /* Main.storyboard in Resources */ = {isa = PBXBuildFile; fileRef = 1AC9CEF31CE6411D0034E423 /* Main.storyboard */; };
		1AC9CEF71CE6411D0034E423 /* Assets.xcassets in Resources */ = {isa = PBXBuildFile; fileRef = 1AC9CEF61CE6411D0034E423 /* Assets.xcassets */; };
		1AC9CEFA1CE6411D0034E423 /* LaunchScreen.storyboard in Resources */ = {isa = PBXBuildFile; fileRef = 1AC9CEF81CE6411D0034E423 /* LaunchScreen.storyboard */; };
		1AD6AC191CE78177004DB7AA /* Pokemon.ttf in Resources */ = {isa = PBXBuildFile; fileRef = 1AD6AC181CE78177004DB7AA /* Pokemon.ttf */; };
		1AD6AC1B1CE7B728004DB7AA /* PokemonDetailVC.swift in Sources */ = {isa = PBXBuildFile; fileRef = 1AD6AC1A1CE7B728004DB7AA /* PokemonDetailVC.swift */; };
		EB2242319C1900AB6667AFF8 /* Pods_pokedex_by_tuttle.framework in Frameworks */ = {isa = PBXBuildFile; fileRef = F12A4754038159163EFA0626 /* Pods_pokedex_by_tuttle.framework */; };
/* End PBXBuildFile section */

/* Begin PBXFileReference section */
		1AA2AAA11CE66D430067DBDE /* pokemon.csv */ = {isa = PBXFileReference; fileEncoding = 4; lastKnownFileType = text; path = pokemon.csv; sourceTree = "<group>"; };
		1AA2AAA41CE68BE40067DBDE /* Pokeman.swift */ = {isa = PBXFileReference; fileEncoding = 4; lastKnownFileType = sourcecode.swift; path = Pokeman.swift; sourceTree = "<group>"; };
		1AA2AAA61CE68EAB0067DBDE /* music.mp3 */ = {isa = PBXFileReference; lastKnownFileType = audio.mp3; path = music.mp3; sourceTree = "<group>"; };
		1AA2AAAB1CE694F40067DBDE /* PokeCell.swift */ = {isa = PBXFileReference; fileEncoding = 4; lastKnownFileType = sourcecode.swift; path = PokeCell.swift; sourceTree = "<group>"; };
		1AA2AAAD1CE6AD950067DBDE /* csv.swift */ = {isa = PBXFileReference; fileEncoding = 4; lastKnownFileType = sourcecode.swift; path = csv.swift; sourceTree = "<group>"; };
		1AC590561CE8ED4C0083ABB3 /* Constaints.swift */ = {isa = PBXFileReference; fileEncoding = 4; lastKnownFileType = sourcecode.swift; path = Constaints.swift; sourceTree = "<group>"; };
		1AC9CEEC1CE6411D0034E423 /* pokedex-by-tuttle.app */ = {isa = PBXFileReference; explicitFileType = wrapper.application; includeInIndex = 0; path = "pokedex-by-tuttle.app"; sourceTree = BUILT_PRODUCTS_DIR; };
		1AC9CEEF1CE6411D0034E423 /* AppDelegate.swift */ = {isa = PBXFileReference; lastKnownFileType = sourcecode.swift; path = AppDelegate.swift; sourceTree = "<group>"; };
		1AC9CEF11CE6411D0034E423 /* ViewController.swift */ = {isa = PBXFileReference; lastKnownFileType = sourcecode.swift; path = ViewController.swift; sourceTree = "<group>"; };
		1AC9CEF41CE6411D0034E423 /* Base */ = {isa = PBXFileReference; lastKnownFileType = file.storyboard; name = Base; path = Base.lproj/Main.storyboard; sourceTree = "<group>"; };
		1AC9CEF61CE6411D0034E423 /* Assets.xcassets */ = {isa = PBXFileReference; lastKnownFileType = folder.assetcatalog; path = Assets.xcassets; sourceTree = "<group>"; };
		1AC9CEF91CE6411D0034E423 /* Base */ = {isa = PBXFileReference; lastKnownFileType = file.storyboard; name = Base; path = Base.lproj/LaunchScreen.storyboard; sourceTree = "<group>"; };
		1AC9CEFB1CE6411D0034E423 /* Info.plist */ = {isa = PBXFileReference; lastKnownFileType = text.plist.xml; path = Info.plist; sourceTree = "<group>"; };
		1AD6AC181CE78177004DB7AA /* Pokemon.ttf */ = {isa = PBXFileReference; lastKnownFileType = file; path = Pokemon.ttf; sourceTree = "<group>"; };
		1AD6AC1A1CE7B728004DB7AA /* PokemonDetailVC.swift */ = {isa = PBXFileReference; fileEncoding = 4; lastKnownFileType = sourcecode.swift; path = PokemonDetailVC.swift; sourceTree = "<group>"; };
		C82F5DDC1D296CE11E42FC85 /* Pods-pokedex-by-tuttle.debug.xcconfig */ = {isa = PBXFileReference; includeInIndex = 1; lastKnownFileType = text.xcconfig; name = "Pods-pokedex-by-tuttle.debug.xcconfig"; path = "Pods/Target Support Files/Pods-pokedex-by-tuttle/Pods-pokedex-by-tuttle.debug.xcconfig"; sourceTree = "<group>"; };
		DF451468D4E46BC36F8D5431 /* Pods-pokedex-by-tuttle.release.xcconfig */ = {isa = PBXFileReference; includeInIndex = 1; lastKnownFileType = text.xcconfig; name = "Pods-pokedex-by-tuttle.release.xcconfig"; path = "Pods/Target Support Files/Pods-pokedex-by-tuttle/Pods-pokedex-by-tuttle.release.xcconfig"; sourceTree = "<group>"; };
		F12A4754038159163EFA0626 /* Pods_pokedex_by_tuttle.framework */ = {isa = PBXFileReference; explicitFileType = wrapper.framework; includeInIndex = 0; path = Pods_pokedex_by_tuttle.framework; sourceTree = BUILT_PRODUCTS_DIR; };
/* End PBXFileReference section */

/* Begin PBXFrameworksBuildPhase section */
		1AC9CEE91CE6411D0034E423 /* Frameworks */ = {
			isa = PBXFrameworksBuildPhase;
			buildActionMask = 2147483647;
			files = (
				EB2242319C1900AB6667AFF8 /* Pods_pokedex_by_tuttle.framework in Frameworks */,
			);
			runOnlyForDeploymentPostprocessing = 0;
		};
/* End PBXFrameworksBuildPhase section */

/* Begin PBXGroup section */
		1AA2AAA31CE68BCC0067DBDE /* Model */ = {
			isa = PBXGroup;
			children = (
				1AA2AAA41CE68BE40067DBDE /* Pokeman.swift */,
			);
			name = Model;
			sourceTree = "<group>";
		};
		1AA2AAA81CE694770067DBDE /* View */ = {
			isa = PBXGroup;
			children = (
				1AA2AAAB1CE694F40067DBDE /* PokeCell.swift */,
			);
			name = View;
			sourceTree = "<group>";
		};
		1AA2AAAF1CE6ADCD0067DBDE /* Util */ = {
			isa = PBXGroup;
			children = (
				1AA2AAAD1CE6AD950067DBDE /* csv.swift */,
				1AC590561CE8ED4C0083ABB3 /* Constaints.swift */,
			);
			name = Util;
			sourceTree = "<group>";
		};
		1AA2AAB01CE6AE000067DBDE /* Controller */ = {
			isa = PBXGroup;
			children = (
				1AC9CEF11CE6411D0034E423 /* ViewController.swift */,
				1AD6AC1A1CE7B728004DB7AA /* PokemonDetailVC.swift */,
			);
			name = Controller;
			sourceTree = "<group>";
		};
		1AA2AAB11CE6AE140067DBDE /* Resources */ = {
			isa = PBXGroup;
			children = (
				1AA2AAA61CE68EAB0067DBDE /* music.mp3 */,
				1AD6AC181CE78177004DB7AA /* Pokemon.ttf */,
				1AA2AAA11CE66D430067DBDE /* pokemon.csv */,
			);
			name = Resources;
			sourceTree = "<group>";
		};
		1AC9CEE31CE6411D0034E423 = {
			isa = PBXGroup;
			children = (
				1AC9CEEE1CE6411D0034E423 /* pokedex-by-tuttle */,
				1AC9CEED1CE6411D0034E423 /* Products */,
				CDD08D1A75584C7FBCAE7D68 /* Pods */,
				E6DAEF3767E49AF0712C9914 /* Frameworks */,
			);
			sourceTree = "<group>";
		};
		1AC9CEED1CE6411D0034E423 /* Products */ = {
			isa = PBXGroup;
			children = (
				1AC9CEEC1CE6411D0034E423 /* pokedex-by-tuttle.app */,
			);
			name = Products;
			sourceTree = "<group>";
		};
		1AC9CEEE1CE6411D0034E423 /* pokedex-by-tuttle */ = {
			isa = PBXGroup;
			children = (
				1AA2AAA31CE68BCC0067DBDE /* Model */,
				1AA2AAA81CE694770067DBDE /* View */,
				1AA2AAB01CE6AE000067DBDE /* Controller */,
				1AA2AAAF1CE6ADCD0067DBDE /* Util */,
				1AA2AAB11CE6AE140067DBDE /* Resources */,
				1AC9CEEF1CE6411D0034E423 /* AppDelegate.swift */,
				1AC9CEF31CE6411D0034E423 /* Main.storyboard */,
				1AC9CEF61CE6411D0034E423 /* Assets.xcassets */,
				1AC9CEF81CE6411D0034E423 /* LaunchScreen.storyboard */,
				1AC9CEFB1CE6411D0034E423 /* Info.plist */,
			);
			path = "pokedex-by-tuttle";
			sourceTree = "<group>";
		};
		CDD08D1A75584C7FBCAE7D68 /* Pods */ = {
			isa = PBXGroup;
			children = (
				C82F5DDC1D296CE11E42FC85 /* Pods-pokedex-by-tuttle.debug.xcconfig */,
				DF451468D4E46BC36F8D5431 /* Pods-pokedex-by-tuttle.release.xcconfig */,
			);
			name = Pods;
			sourceTree = "<group>";
		};
		E6DAEF3767E49AF0712C9914 /* Frameworks */ = {
			isa = PBXGroup;
			children = (
				F12A4754038159163EFA0626 /* Pods_pokedex_by_tuttle.framework */,
			);
			name = Frameworks;
			sourceTree = "<group>";
		};
/* End PBXGroup section */

/* Begin PBXNativeTarget section */
		1AC9CEEB1CE6411D0034E423 /* pokedex-by-tuttle */ = {
			isa = PBXNativeTarget;
			buildConfigurationList = 1AC9CEFE1CE6411D0034E423 /* Build configuration list for PBXNativeTarget "pokedex-by-tuttle" */;
			buildPhases = (
				11DF46A671E86FF4A81EE845 /* Check Pods Manifest.lock */,
				1AC9CEE81CE6411D0034E423 /* Sources */,
				1AC9CEE91CE6411D0034E423 /* Frameworks */,
				1AC9CEEA1CE6411D0034E423 /* Resources */,
				CEDF142796695586406B7190 /* Embed Pods Frameworks */,
				A93870DD71DE64817AB33261 /* Copy Pods Resources */,
			);
			buildRules = (
			);
			dependencies = (
			);
			name = "pokedex-by-tuttle";
			productName = "pokedex-by-tuttle";
			productReference = 1AC9CEEC1CE6411D0034E423 /* pokedex-by-tuttle.app */;
			productType = "com.apple.product-type.application";
		};
/* End PBXNativeTarget section */

/* Begin PBXProject section */
		1AC9CEE41CE6411D0034E423 /* Project object */ = {
			isa = PBXProject;
			attributes = {
				LastSwiftUpdateCheck = 0730;
				LastUpgradeCheck = 0730;
				ORGANIZATIONNAME = "James Tuttle";
				TargetAttributes = {
					1AC9CEEB1CE6411D0034E423 = {
						CreatedOnToolsVersion = 7.3.1;
					};
				};
			};
			buildConfigurationList = 1AC9CEE71CE6411D0034E423 /* Build configuration list for PBXProject "pokedex-by-tuttle" */;
			compatibilityVersion = "Xcode 3.2";
			developmentRegion = English;
			hasScannedForEncodings = 0;
			knownRegions = (
				en,
				Base,
			);
			mainGroup = 1AC9CEE31CE6411D0034E423;
			productRefGroup = 1AC9CEED1CE6411D0034E423 /* Products */;
			projectDirPath = "";
			projectRoot = "";
			targets = (
				1AC9CEEB1CE6411D0034E423 /* pokedex-by-tuttle */,
			);
		};
/* End PBXProject section */

/* Begin PBXResourcesBuildPhase section */
		1AC9CEEA1CE6411D0034E423 /* Resources */ = {
			isa = PBXResourcesBuildPhase;
			buildActionMask = 2147483647;
			files = (
				1AA2AAA71CE68EAB0067DBDE /* music.mp3 in Resources */,
				1AC9CEFA1CE6411D0034E423 /* LaunchScreen.storyboard in Resources */,
				1AC9CEF71CE6411D0034E423 /* Assets.xcassets in Resources */,
				1AA2AAA21CE66D430067DBDE /* pokemon.csv in Resources */,
				1AD6AC191CE78177004DB7AA /* Pokemon.ttf in Resources */,
				1AC9CEF51CE6411D0034E423 /* Main.storyboard in Resources */,
			);
			runOnlyForDeploymentPostprocessing = 0;
		};
/* End PBXResourcesBuildPhase section */

/* Begin PBXShellScriptBuildPhase section */
		11DF46A671E86FF4A81EE845 /* Check Pods Manifest.lock */ = {
			isa = PBXShellScriptBuildPhase;
			buildActionMask = 2147483647;
			files = (
			);
			inputPaths = (
			);
			name = "Check Pods Manifest.lock";
			outputPaths = (
			);
			runOnlyForDeploymentPostprocessing = 0;
			shellPath = /bin/sh;
			shellScript = "diff \"${PODS_ROOT}/../Podfile.lock\" \"${PODS_ROOT}/Manifest.lock\" > /dev/null\nif [[ $? != 0 ]] ; then\n    cat << EOM\nerror: The sandbox is not in sync with the Podfile.lock. Run 'pod install' or update your CocoaPods installation.\nEOM\n    exit 1\nfi\n";
			showEnvVarsInLog = 0;
		};
		A93870DD71DE64817AB33261 /* Copy Pods Resources */ = {
			isa = PBXShellScriptBuildPhase;
			buildActionMask = 2147483647;
			files = (
			);
			inputPaths = (
			);
			name = "Copy Pods Resources";
			outputPaths = (
			);
			runOnlyForDeploymentPostprocessing = 0;
			shellPath = /bin/sh;
			shellScript = "\"${SRCROOT}/Pods/Target Support Files/Pods-pokedex-by-tuttle/Pods-pokedex-by-tuttle-resources.sh\"\n";
			showEnvVarsInLog = 0;
		};
		CEDF142796695586406B7190 /* Embed Pods Frameworks */ = {
			isa = PBXShellScriptBuildPhase;
			buildActionMask = 2147483647;
			files = (
			);
			inputPaths = (
			);
			name = "Embed Pods Frameworks";
			outputPaths = (
			);
			runOnlyForDeploymentPostprocessing = 0;
			shellPath = /bin/sh;
			shellScript = "\"${SRCROOT}/Pods/Target Support Files/Pods-pokedex-by-tuttle/Pods-pokedex-by-tuttle-frameworks.sh\"\n";
			showEnvVarsInLog = 0;
		};
/* End PBXShellScriptBuildPhase section */

/* Begin PBXSourcesBuildPhase section */
		1AC9CEE81CE6411D0034E423 /* Sources */ = {
			isa = PBXSourcesBuildPhase;
			buildActionMask = 2147483647;
			files = (
				1AA2AAAC1CE694F40067DBDE /* PokeCell.swift in Sources */,
				1AA2AAA51CE68BE40067DBDE /* Pokeman.swift in Sources */,
				1AC9CEF21CE6411D0034E423 /* ViewController.swift in Sources */,
				1AC590571CE8ED4C0083ABB3 /* Constaints.swift in Sources */,
				1AD6AC1B1CE7B728004DB7AA /* PokemonDetailVC.swift in Sources */,
				1AC9CEF01CE6411D0034E423 /* AppDelegate.swift in Sources */,
				1AA2AAAE1CE6AD950067DBDE /* csv.swift in Sources */,
			);
			runOnlyForDeploymentPostprocessing = 0;
		};
/* End PBXSourcesBuildPhase section */

/* Begin PBXVariantGroup section */
		1AC9CEF31CE6411D0034E423 /* Main.storyboard */ = {
			isa = PBXVariantGroup;
			children = (
				1AC9CEF41CE6411D0034E423 /* Base */,
			);
			name = Main.storyboard;
			sourceTree = "<group>";
		};
		1AC9CEF81CE6411D0034E423 /* LaunchScreen.storyboard */ = {
			isa = PBXVariantGroup;
			children = (
				1AC9CEF91CE6411D0034E423 /* Base */,
			);
			name = LaunchScreen.storyboard;
			sourceTree = "<group>";
		};
/* End PBXVariantGroup section */

/* Begin XCBuildConfiguration section */
		1AC9CEFC1CE6411D0034E423 /* Debug */ = {
			isa = XCBuildConfiguration;
			buildSettings = {
				ALWAYS_SEARCH_USER_PATHS = NO;
				CLANG_ANALYZER_NONNULL = YES;
				CLANG_CXX_LANGUAGE_STANDARD = "gnu++0x";
				CLANG_CXX_LIBRARY = "libc++";
				CLANG_ENABLE_MODULES = YES;
				CLANG_ENABLE_OBJC_ARC = YES;
				CLANG_WARN_BOOL_CONVERSION = YES;
				CLANG_WARN_CONSTANT_CONVERSION = YES;
				CLANG_WARN_DIRECT_OBJC_ISA_USAGE = YES_ERROR;
				CLANG_WARN_EMPTY_BODY = YES;
				CLANG_WARN_ENUM_CONVERSION = YES;
				CLANG_WARN_INT_CONVERSION = YES;
				CLANG_WARN_OBJC_ROOT_CLASS = YES_ERROR;
				CLANG_WARN_UNREACHABLE_CODE = YES;
				CLANG_WARN__DUPLICATE_METHOD_MATCH = YES;
				"CODE_SIGN_IDENTITY[sdk=iphoneos*]" = "iPhone Developer";
				COPY_PHASE_STRIP = NO;
				DEBUG_INFORMATION_FORMAT = dwarf;
				ENABLE_STRICT_OBJC_MSGSEND = YES;
				ENABLE_TESTABILITY = YES;
				GCC_C_LANGUAGE_STANDARD = gnu99;
				GCC_DYNAMIC_NO_PIC = NO;
				GCC_NO_COMMON_BLOCKS = YES;
				GCC_OPTIMIZATION_LEVEL = 0;
				GCC_PREPROCESSOR_DEFINITIONS = (
					"DEBUG=1",
					"$(inherited)",
				);
				GCC_WARN_64_TO_32_BIT_CONVERSION = YES;
				GCC_WARN_ABOUT_RETURN_TYPE = YES_ERROR;
				GCC_WARN_UNDECLARED_SELECTOR = YES;
				GCC_WARN_UNINITIALIZED_AUTOS = YES_AGGRESSIVE;
				GCC_WARN_UNUSED_FUNCTION = YES;
				GCC_WARN_UNUSED_VARIABLE = YES;
				IPHONEOS_DEPLOYMENT_TARGET = 9.3;
				MTL_ENABLE_DEBUG_INFO = YES;
				ONLY_ACTIVE_ARCH = YES;
				SDKROOT = iphoneos;
				SWIFT_OPTIMIZATION_LEVEL = "-Onone";
				TARGETED_DEVICE_FAMILY = "1,2";
			};
			name = Debug;
		};
		1AC9CEFD1CE6411D0034E423 /* Release */ = {
			isa = XCBuildConfiguration;
			buildSettings = {
				ALWAYS_SEARCH_USER_PATHS = NO;
				CLANG_ANALYZER_NONNULL = YES;
				CLANG_CXX_LANGUAGE_STANDARD = "gnu++0x";
				CLANG_CXX_LIBRARY = "libc++";
				CLANG_ENABLE_MODULES = YES;
				CLANG_ENABLE_OBJC_ARC = YES;
				CLANG_WARN_BOOL_CONVERSION = YES;
				CLANG_WARN_CONSTANT_CONVERSION = YES;
				CLANG_WARN_DIRECT_OBJC_ISA_USAGE = YES_ERROR;
				CLANG_WARN_EMPTY_BODY = YES;
				CLANG_WARN_ENUM_CONVERSION = YES;
				CLANG_WARN_INT_CONVERSION = YES;
				CLANG_WARN_OBJC_ROOT_CLASS = YES_ERROR;
				CLANG_WARN_UNREACHABLE_CODE = YES;
				CLANG_WARN__DUPLICATE_METHOD_MATCH = YES;
				"CODE_SIGN_IDENTITY[sdk=iphoneos*]" = "iPhone Developer";
				COPY_PHASE_STRIP = NO;
				DEBUG_INFORMATION_FORMAT = "dwarf-with-dsym";
				ENABLE_NS_ASSERTIONS = NO;
				ENABLE_STRICT_OBJC_MSGSEND = YES;
				GCC_C_LANGUAGE_STANDARD = gnu99;
				GCC_NO_COMMON_BLOCKS = YES;
				GCC_WARN_64_TO_32_BIT_CONVERSION = YES;
				GCC_WARN_ABOUT_RETURN_TYPE = YES_ERROR;
				GCC_WARN_UNDECLARED_SELECTOR = YES;
				GCC_WARN_UNINITIALIZED_AUTOS = YES_AGGRESSIVE;
				GCC_WARN_UNUSED_FUNCTION = YES;
				GCC_WARN_UNUSED_VARIABLE = YES;
				IPHONEOS_DEPLOYMENT_TARGET = 9.3;
				MTL_ENABLE_DEBUG_INFO = NO;
				SDKROOT = iphoneos;
				TARGETED_DEVICE_FAMILY = "1,2";
				VALIDATE_PRODUCT = YES;
			};
			name = Release;
		};
		1AC9CEFF1CE6411D0034E423 /* Debug */ = {
			isa = XCBuildConfiguration;
			baseConfigurationReference = C82F5DDC1D296CE11E42FC85 /* Pods-pokedex-by-tuttle.debug.xcconfig */;
			buildSettings = {
				ASSETCATALOG_COMPILER_APPICON_NAME = AppIcon;
				INFOPLIST_FILE = "pokedex-by-tuttle/Info.plist";
				LD_RUNPATH_SEARCH_PATHS = "$(inherited) @executable_path/Frameworks";
				PRODUCT_BUNDLE_IDENTIFIER = "com.jaymz69.pokedex-by-tuttle";
				PRODUCT_NAME = "$(TARGET_NAME)";
			};
			name = Debug;
		};
		1AC9CF001CE6411D0034E423 /* Release */ = {
			isa = XCBuildConfiguration;
			baseConfigurationReference = DF451468D4E46BC36F8D5431 /* Pods-pokedex-by-tuttle.release.xcconfig */;
			buildSettings = {
				ASSETCATALOG_COMPILER_APPICON_NAME = AppIcon;
				INFOPLIST_FILE = "pokedex-by-tuttle/Info.plist";
				LD_RUNPATH_SEARCH_PATHS = "$(inherited) @executable_path/Frameworks";
				PRODUCT_BUNDLE_IDENTIFIER = "com.jaymz69.pokedex-by-tuttle";
				PRODUCT_NAME = "$(TARGET_NAME)";
			};
			name = Release;
		};
/* End XCBuildConfiguration section */

/* Begin XCConfigurationList section */
		1AC9CEE71CE6411D0034E423 /* Build configuration list for PBXProject "pokedex-by-tuttle" */ = {
			isa = XCConfigurationList;
			buildConfigurations = (
				1AC9CEFC1CE6411D0034E423 /* Debug */,
				1AC9CEFD1CE6411D0034E423 /* Release */,
			);
			defaultConfigurationIsVisible = 0;
			defaultConfigurationName = Release;
		};
		1AC9CEFE1CE6411D0034E423 /* Build configuration list for PBXNativeTarget "pokedex-by-tuttle" */ = {
			isa = XCConfigurationList;
			buildConfigurations = (
				1AC9CEFF1CE6411D0034E423 /* Debug */,
				1AC9CF001CE6411D0034E423 /* Release */,
			);
			defaultConfigurationIsVisible = 0;
			defaultConfigurationName = Release;
		};
/* End XCConfigurationList section */
	};
	rootObject = 1AC9CEE41CE6411D0034E423 /* Project object */;
}
